{
  "version": "5",
  "specifiers": {
    "jsr:@marianmeres/design-tokens@^1.20.0": "1.20.0",
    "jsr:@marianmeres/mcp-server@*": "1.1.2",
    "jsr:@marianmeres/npmbuild@^1.16.0": "1.16.0",
    "jsr:@marianmeres/release@*": "2.0.0",
    "jsr:@marianmeres/vanilla@^1.10.0": "1.10.0",
    "jsr:@std/assert@^1.0.19": "1.0.19",
    "jsr:@std/collections@^1.1.7": "1.4.0",
    "jsr:@std/fs@^1.0.23": "1.0.24",
    "jsr:@std/fs@^1.0.24": "1.0.24",
    "jsr:@std/internal@^1.0.12": "1.0.14",
    "jsr:@std/internal@^1.0.14": "1.0.14",
    "jsr:@std/path@^1.1.4": "1.1.6",
    "jsr:@std/path@^1.1.5": "1.1.6",
    "jsr:@std/path@^1.1.6": "1.1.6",
    "npm:zod@*": "3.25.76",
    "npm:zod@^3.24.0": "3.25.76"
  },
  "jsr": {
    "@marianmeres/design-tokens@1.20.0": {
      "integrity": "400945040f3b1685ca6c4837f36fd5c85443ce9f90e0c062f83f3c1d60e8410c"
    },
    "@marianmeres/mcp-server@1.1.2": {
      "integrity": "b475f653eb478f4cd026fe82771f529454bf8813b5280f0f1fb018974472b0e2",
      "dependencies": [
        "npm:zod@^3.24.0"
      ]
    },
    "@marianmeres/npmbuild@1.16.0": {
      "integrity": "5631b65d284472d1325ecf829dce22e2df166fa3b754cd3f005c8eccd05ee8f0",
      "dependencies": [
        "jsr:@std/collections",
        "jsr:@std/fs@^1.0.23",
        "jsr:@std/path@^1.1.4"
      ]
    },
    "@marianmeres/release@2.0.0": {
      "integrity": "a0358067f8500edaa795f22f6f962765a7f20edd6d8869c0793f11ee02fb47c0"
    },
    "@marianmeres/vanilla@1.10.0": {
      "integrity": "f0154cb3e38cf9af202586132da75d774a6a4a78e8022b6fdb65820d60a5551e"
    },
    "@std/assert@1.0.19": {
      "integrity": "eaada96ee120cb980bc47e040f82814d786fe8162ecc53c91d8df60b8755991e",
      "dependencies": [
        "jsr:@std/internal@^1.0.12"
      ]
    },
    "@std/collections@1.4.0": {
      "integrity": "bd7f74966e11de11b1f0420b7e8cb7bb381d8af7872b738443b92050db28c9c0"
    },
    "@std/fs@1.0.24": {
      "integrity": "f3061b45b81673a2bece689da041df32d174be064c89eb6397fb5718d3fb7877",
      "dependencies": [
        "jsr:@std/internal@^1.0.14",
        "jsr:@std/path@^1.1.5"
      ]
    },
    "@std/internal@1.0.14": {
      "integrity": "291516b3d4c35024d6ffbc0a9df5bf4c64116e05b50012cf846710152d2ffdf7"
    },
    "@std/path@1.1.6": {
      "integrity": "c68485c2a4dfbb5ae3cc74fae4e8c4e5d874cf8a8ed12927917235c758b46cbe",
      "dependencies": [
        "jsr:@std/internal@^1.0.14"
      ]
    }
  },
  "npm": {
    "zod@3.25.76": {
      "integrity": "sha512-gzUt/qt81nXsFGKIFcC3YnfEAx5NkunCfnDlvuBSSFS02bcXu4Lmea0AFIUwbLWxWPx3d9p8S5QoaujKcNQxcQ=="
    }
  },
  "workspace": {
    "dependencies": [
      "jsr:@marianmeres/design-tokens@^1.20.0",
      "jsr:@marianmeres/npmbuild@^1.16.0",
      "jsr:@marianmeres/vanilla@^1.10.0",
      "jsr:@std/assert@^1.0.19",
      "jsr:@std/fs@^1.0.24",
      "jsr:@std/path@^1.1.6"
    ]
  }
}
