{
  "version": "5",
  "specifiers": {
    "jsr:@marianmeres/mcp-server@*": "1.1.2",
    "jsr:@marianmeres/npmbuild@^1.11.0": "1.11.0",
    "jsr:@std/assert@^1.0.19": "1.0.19",
    "jsr:@std/collections@^1.1.5": "1.1.6",
    "jsr:@std/fs@^1.0.22": "1.0.23",
    "jsr:@std/fs@^1.0.23": "1.0.23",
    "jsr:@std/internal@^1.0.12": "1.0.12",
    "jsr:@std/path@^1.1.4": "1.1.4",
    "npm:zod@*": "3.25.76",
    "npm:zod@^3.24.0": "3.25.76"
  },
  "jsr": {
    "@marianmeres/mcp-server@1.1.2": {
      "integrity": "b475f653eb478f4cd026fe82771f529454bf8813b5280f0f1fb018974472b0e2",
      "dependencies": [
        "npm:zod@^3.24.0"
      ]
    },
    "@marianmeres/npmbuild@1.11.0": {
      "integrity": "924ed6df296aa4e3ffd55ad2c4b7904663824c5c30866c0c47fa815fd2c1a7d8",
      "dependencies": [
        "jsr:@std/collections",
        "jsr:@std/fs@^1.0.22",
        "jsr:@std/path"
      ]
    },
    "@std/assert@1.0.19": {
      "integrity": "eaada96ee120cb980bc47e040f82814d786fe8162ecc53c91d8df60b8755991e",
      "dependencies": [
        "jsr:@std/internal"
      ]
    },
    "@std/collections@1.1.6": {
      "integrity": "b458160ce65ea5ad35da05d0a5cbee4b583677c8b443a10d7beb0c4ac63f2baa"
    },
    "@std/fs@1.0.23": {
      "integrity": "3ecbae4ce4fee03b180fa710caff36bb5adb66631c46a6460aaad49515565a37",
      "dependencies": [
        "jsr:@std/internal",
        "jsr:@std/path"
      ]
    },
    "@std/internal@1.0.12": {
      "integrity": "972a634fd5bc34b242024402972cd5143eac68d8dffaca5eaa4dba30ce17b027"
    },
    "@std/path@1.1.4": {
      "integrity": "1d2d43f39efb1b42f0b1882a25486647cb851481862dc7313390b2bb044314b5",
      "dependencies": [
        "jsr:@std/internal"
      ]
    }
  },
  "npm": {
    "zod@3.25.76": {
      "integrity": "sha512-gzUt/qt81nXsFGKIFcC3YnfEAx5NkunCfnDlvuBSSFS02bcXu4Lmea0AFIUwbLWxWPx3d9p8S5QoaujKcNQxcQ=="
    }
  },
  "workspace": {
    "dependencies": [
      "jsr:@marianmeres/npmbuild@^1.11.0",
      "jsr:@std/assert@^1.0.19",
      "jsr:@std/fs@^1.0.23",
      "jsr:@std/path@^1.1.4"
    ]
  }
}
